
Microsoft Visual Studio Solution File, Format Version 12.00
# Visual Studio Version 17
VisualStudioVersion = 17.8.34322.80
MinimumVisualStudioVersion = 10.0.40219.1
Project("{9A19103F-16F7-4668-BE54-9A1E7A4F7556}") = "University.Students.Web", "University.Students.Web\University.Students.Web.csproj", "{A87FAE68-A8C3-4808-897D-87C555272F85}"
EndProject
Project("{2150E333-8FDC-42A3-9474-1A3956D46DE8}") = "Providers", "Providers", "{17317A1F-9BA2-4564-BCE4-152F21737673}"
EndProject
Project("{9A19103F-16F7-4668-BE54-9A1E7A4F7556}") = "University.Students.DataProvider", "University.Students.DataProvider\University.Students.DataProvider.csproj", "{255FC617-E08E-44BA-B1B4-DE3675A15636}"
EndProject
Project("{9A19103F-16F7-4668-BE54-9A1E7A4F7556}") = "University.Students.Models", "University.Students.Models\University.Students.Models.csproj", "{8A9E56E1-3D39-4D7C-A2AD-75FB5FA30AAD}"
EndProject
Global
	GlobalSection(SolutionConfigurationPlatforms) = preSolution
		Debug|Any CPU = Debug|Any CPU
		Release|Any CPU = Release|Any CPU
	EndGlobalSection
	GlobalSection(ProjectConfigurationPlatforms) = postSolution
		{A87FAE68-A8C3-4808-897D-87C555272F85}.Debug|Any CPU.ActiveCfg = Debug|Any CPU
		{A87FAE68-A8C3-4808-897D-87C555272F85}.Debug|Any CPU.Build.0 = Debug|Any CPU
		{A87FAE68-A8C3-4808-897D-87C555272F85}.Release|Any CPU.ActiveCfg = Release|Any CPU
		{A87FAE68-A8C3-4808-897D-87C555272F85}.Release|Any CPU.Build.0 = Release|Any CPU
		{255FC617-E08E-44BA-B1B4-DE3675A15636}.Debug|Any CPU.ActiveCfg = Debug|Any CPU
		{255FC617-E08E-44BA-B1B4-DE3675A15636}.Debug|Any CPU.Build.0 = Debug|Any CPU
		{255FC617-E08E-44BA-B1B4-DE3675A15636}.Release|Any CPU.ActiveCfg = Release|Any CPU
		{255FC617-E08E-44BA-B1B4-DE3675A15636}.Release|Any CPU.Build.0 = Release|Any CPU
		{8A9E56E1-3D39-4D7C-A2AD-75FB5FA30AAD}.Debug|Any CPU.ActiveCfg = Debug|Any CPU
		{8A9E56E1-3D39-4D7C-A2AD-75FB5FA30AAD}.Debug|Any CPU.Build.0 = Debug|Any CPU
		{8A9E56E1-3D39-4D7C-A2AD-75FB5FA30AAD}.Release|Any CPU.ActiveCfg = Release|Any CPU
		{8A9E56E1-3D39-4D7C-A2AD-75FB5FA30AAD}.Release|Any CPU.Build.0 = Release|Any CPU
	EndGlobalSection
	GlobalSection(SolutionProperties) = preSolution
		HideSolutionNode = FALSE
	EndGlobalSection
	GlobalSection(NestedProjects) = preSolution
		{255FC617-E08E-44BA-B1B4-DE3675A15636} = {17317A1F-9BA2-4564-BCE4-152F21737673}
	EndGlobalSection
	GlobalSection(ExtensibilityGlobals) = postSolution
		SolutionGuid = {9B759C6A-4F7B-42CB-AFFB-C3156A3FBC3F}
	EndGlobalSection
EndGlobal
